
Microsoft Visual Studio Solution File, Format Version 12.00
# Visual Studio Version 17
VisualStudioVersion = 17.0.31903.59
MinimumVisualStudioVersion = 10.0.40219.1
Project("{FAE04EC0-301F-11D3-BF4B-00C04F79EFBC}") = "ZerefLibrary", "ZerefLibrary\ZerefLibrary.csproj", "{D546920E-8DC4-4B63-ADC2-C6B00207D516}"
EndProject
Project("{FAE04EC0-301F-11D3-BF4B-00C04F79EFBC}") = "ZerefConsoleApp", "ZerefConsoleApp\ZerefConsoleApp.csproj", "{D5011A46-BAA2-4B8E-884A-71D32B55329C}"
EndProject
Project("{FAE04EC0-301F-11D3-BF4B-00C04F79EFBC}") = "ZerefTests", "ZerefTests\ZerefTests.csproj", "{69DE04DE-4E0E-4D8E-B560-6E50453FC2E7}"
EndProject
Global
	GlobalSection(SolutionConfigurationPlatforms) = preSolution
		Debug|Any CPU = Debug|Any CPU
		Debug|x64 = Debug|x64
		Debug|x86 = Debug|x86
		Release|Any CPU = Release|Any CPU
		Release|x64 = Release|x64
		Release|x86 = Release|x86
	EndGlobalSection
	GlobalSection(ProjectConfigurationPlatforms) = postSolution
		{D546920E-8DC4-4B63-ADC2-C6B00207D516}.Debug|Any CPU.ActiveCfg = Debug|Any CPU
		{D546920E-8DC4-4B63-ADC2-C6B00207D516}.Debug|Any CPU.Build.0 = Debug|Any CPU
		{D546920E-8DC4-4B63-ADC2-C6B00207D516}.Debug|x64.ActiveCfg = Debug|Any CPU
		{D546920E-8DC4-4B63-ADC2-C6B00207D516}.Debug|x64.Build.0 = Debug|Any CPU
		{D546920E-8DC4-4B63-ADC2-C6B00207D516}.Debug|x86.ActiveCfg = Debug|Any CPU
		{D546920E-8DC4-4B63-ADC2-C6B00207D516}.Debug|x86.Build.0 = Debug|Any CPU
		{D546920E-8DC4-4B63-ADC2-C6B00207D516}.Release|Any CPU.ActiveCfg = Release|Any CPU
		{D546920E-8DC4-4B63-ADC2-C6B00207D516}.Release|Any CPU.Build.0 = Release|Any CPU
		{D546920E-8DC4-4B63-ADC2-C6B00207D516}.Release|x64.ActiveCfg = Release|Any CPU
		{D546920E-8DC4-4B63-ADC2-C6B00207D516}.Release|x64.Build.0 = Release|Any CPU
		{D546920E-8DC4-4B63-ADC2-C6B00207D516}.Release|x86.ActiveCfg = Release|Any CPU
		{D546920E-8DC4-4B63-ADC2-C6B00207D516}.Release|x86.Build.0 = Release|Any CPU
		{D5011A46-BAA2-4B8E-884A-71D32B55329C}.Debug|Any CPU.ActiveCfg = Debug|Any CPU
		{D5011A46-BAA2-4B8E-884A-71D32B55329C}.Debug|Any CPU.Build.0 = Debug|Any CPU
		{D5011A46-BAA2-4B8E-884A-71D32B55329C}.Debug|x64.ActiveCfg = Debug|Any CPU
		{D5011A46-BAA2-4B8E-884A-71D32B55329C}.Debug|x64.Build.0 = Debug|Any CPU
		{D5011A46-BAA2-4B8E-884A-71D32B55329C}.Debug|x86.ActiveCfg = Debug|Any CPU
		{D5011A46-BAA2-4B8E-884A-71D32B55329C}.Debug|x86.Build.0 = Debug|Any CPU
		{D5011A46-BAA2-4B8E-884A-71D32B55329C}.Release|Any CPU.ActiveCfg = Release|Any CPU
		{D5011A46-BAA2-4B8E-884A-71D32B55329C}.Release|Any CPU.Build.0 = Release|Any CPU
		{D5011A46-BAA2-4B8E-884A-71D32B55329C}.Release|x64.ActiveCfg = Release|Any CPU
		{D5011A46-BAA2-4B8E-884A-71D32B55329C}.Release|x64.Build.0 = Release|Any CPU
		{D5011A46-BAA2-4B8E-884A-71D32B55329C}.Release|x86.ActiveCfg = Release|Any CPU
		{D5011A46-BAA2-4B8E-884A-71D32B55329C}.Release|x86.Build.0 = Release|Any CPU
		{69DE04DE-4E0E-4D8E-B560-6E50453FC2E7}.Debug|Any CPU.ActiveCfg = Debug|Any CPU
		{69DE04DE-4E0E-4D8E-B560-6E50453FC2E7}.Debug|Any CPU.Build.0 = Debug|Any CPU
		{69DE04DE-4E0E-4D8E-B560-6E50453FC2E7}.Debug|x64.ActiveCfg = Debug|Any CPU
		{69DE04DE-4E0E-4D8E-B560-6E50453FC2E7}.Debug|x64.Build.0 = Debug|Any CPU
		{69DE04DE-4E0E-4D8E-B560-6E50453FC2E7}.Debug|x86.ActiveCfg = Debug|Any CPU
		{69DE04DE-4E0E-4D8E-B560-6E50453FC2E7}.Debug|x86.Build.0 = Debug|Any CPU
		{69DE04DE-4E0E-4D8E-B560-6E50453FC2E7}.Release|Any CPU.ActiveCfg = Release|Any CPU
		{69DE04DE-4E0E-4D8E-B560-6E50453FC2E7}.Release|Any CPU.Build.0 = Release|Any CPU
		{69DE04DE-4E0E-4D8E-B560-6E50453FC2E7}.Release|x64.ActiveCfg = Release|Any CPU
		{69DE04DE-4E0E-4D8E-B560-6E50453FC2E7}.Release|x64.Build.0 = Release|Any CPU
		{69DE04DE-4E0E-4D8E-B560-6E50453FC2E7}.Release|x86.ActiveCfg = Release|Any CPU
		{69DE04DE-4E0E-4D8E-B560-6E50453FC2E7}.Release|x86.Build.0 = Release|Any CPU
	EndGlobalSection
	GlobalSection(SolutionProperties) = preSolution
		HideSolutionNode = FALSE
	EndGlobalSection
EndGlobal
