Microsoft Visual Studio Solution File, Format Version 12.00
# Visual Studio Version 17
VisualStudioVersion = 17.5.2.0
MinimumVisualStudioVersion = 10.0.40219.1
Project("{FAE04EC0-301F-11D3-BF4B-00C04F79EFBC}") = "ZerefConsoleApp", "ZerefConsoleApp.csproj", "{1C8DCBA7-BA99-E3EA-0E56-DF24445649C0}"
EndProject
Global
	GlobalSection(SolutionConfigurationPlatforms) = preSolution
		Debug|Any CPU = Debug|Any CPU
		Release|Any CPU = Release|Any CPU
	EndGlobalSection
	GlobalSection(ProjectConfigurationPlatforms) = postSolution
		{1C8DCBA7-BA99-E3EA-0E56-DF24445649C0}.Debug|Any CPU.ActiveCfg = Debug|Any CPU
		{1C8DCBA7-BA99-E3EA-0E56-DF24445649C0}.Debug|Any CPU.Build.0 = Debug|Any CPU
		{1C8DCBA7-BA99-E3EA-0E56-DF24445649C0}.Release|Any CPU.ActiveCfg = Release|Any CPU
		{1C8DCBA7-BA99-E3EA-0E56-DF24445649C0}.Release|Any CPU.Build.0 = Release|Any CPU
	EndGlobalSection
	GlobalSection(SolutionProperties) = preSolution
		HideSolutionNode = FALSE
	EndGlobalSection
	GlobalSection(ExtensibilityGlobals) = postSolution
		SolutionGuid = {31CBBB3B-B067-4BA9-9A27-A57F16AC9212}
	EndGlobalSection
EndGlobal
